
Microsoft Visual Studio Solution File, Format Version 12.00
# Visual Studio 15
VisualStudioVersion = 15.0.27703.2047
MinimumVisualStudioVersion = 10.0.40219.1
Project("{9A19103F-16F7-4668-BE54-9A1E7A4F7556}") = "Nullable", "Nullable\Nullable.csproj", "{911D807A-1015-481A-BEDE-DEC6C694E8AF}"
EndProject
Project("{9A19103F-16F7-4668-BE54-9A1E7A4F7556}") = "Vetor", "Vetor\Vetor.csproj", "{6A3BD975-1DF8-4FA6-A49E-0C48B47CE9C4}"
EndProject
Project("{9A19103F-16F7-4668-BE54-9A1E7A4F7556}") = "ExercFixacaoVetore", "ExercFixacaoVetore\ExercFixacaoVetore.csproj", "{AEA14C89-4A95-44EA-8C8C-6004EFA726F4}"
EndProject
Project("{9A19103F-16F7-4668-BE54-9A1E7A4F7556}") = "ModificadorParams", "ModificadorParams\ModificadorParams.csproj", "{C7A910FB-CFDA-488B-8A91-5C7675E68920}"
EndProject
Project("{9A19103F-16F7-4668-BE54-9A1E7A4F7556}") = "ModificadoresRefOut", "ModificadoresRefOut\ModificadoresRefOut.csproj", "{12AB4B11-1B4E-4879-974E-03454C450FEE}"
EndProject
Project("{9A19103F-16F7-4668-BE54-9A1E7A4F7556}") = "Foreach", "Foreach\Foreach.csproj", "{AE17A5F0-AA94-4848-9E02-53DFB4B5B4AD}"
EndProject
Project("{9A19103F-16F7-4668-BE54-9A1E7A4F7556}") = "Listas", "Listas\Listas.csproj", "{9977EDBB-175C-457B-98FF-12937AD9A50C}"
EndProject
Project("{9A19103F-16F7-4668-BE54-9A1E7A4F7556}") = "ExercFixacaoListas", "ExercFixacaoListas\ExercFixacaoListas.csproj", "{6B0D76CC-0659-4D16-A3A0-263123913B53}"
EndProject
Project("{9A19103F-16F7-4668-BE54-9A1E7A4F7556}") = "Matriz", "Matriz\Matriz.csproj", "{FDFBAD2D-A0C5-4C0A-BA78-8629A2ADD005}"
EndProject
Project("{9A19103F-16F7-4668-BE54-9A1E7A4F7556}") = "ExercFixacaoMatriz", "ExercFixacaoMatriz\ExercFixacaoMatriz.csproj", "{9F040AE3-6A66-45B2-90E9-52B894AA74BD}"
EndProject
Project("{9A19103F-16F7-4668-BE54-9A1E7A4F7556}") = "Conjuntos", "Conjuntos\Conjuntos.csproj", "{EBA2E4CD-4692-42E4-9BDE-D60B68D0F7C9}"
EndProject
Project("{FAE04EC0-301F-11D3-BF4B-00C04F79EFBC}") = "ExercFixacaoConjuntos", "ExercFixacaoConjuntos\ExercFixacaoConjuntos.csproj", "{4A594C52-D197-4E60-A56F-581C7EAB5061}"
EndProject
Global
	GlobalSection(SolutionConfigurationPlatforms) = preSolution
		Debug|Any CPU = Debug|Any CPU
		Release|Any CPU = Release|Any CPU
	EndGlobalSection
	GlobalSection(ProjectConfigurationPlatforms) = postSolution
		{911D807A-1015-481A-BEDE-DEC6C694E8AF}.Debug|Any CPU.ActiveCfg = Debug|Any CPU
		{911D807A-1015-481A-BEDE-DEC6C694E8AF}.Debug|Any CPU.Build.0 = Debug|Any CPU
		{911D807A-1015-481A-BEDE-DEC6C694E8AF}.Release|Any CPU.ActiveCfg = Release|Any CPU
		{911D807A-1015-481A-BEDE-DEC6C694E8AF}.Release|Any CPU.Build.0 = Release|Any CPU
		{6A3BD975-1DF8-4FA6-A49E-0C48B47CE9C4}.Debug|Any CPU.ActiveCfg = Debug|Any CPU
		{6A3BD975-1DF8-4FA6-A49E-0C48B47CE9C4}.Debug|Any CPU.Build.0 = Debug|Any CPU
		{6A3BD975-1DF8-4FA6-A49E-0C48B47CE9C4}.Release|Any CPU.ActiveCfg = Release|Any CPU
		{6A3BD975-1DF8-4FA6-A49E-0C48B47CE9C4}.Release|Any CPU.Build.0 = Release|Any CPU
		{AEA14C89-4A95-44EA-8C8C-6004EFA726F4}.Debug|Any CPU.ActiveCfg = Debug|Any CPU
		{AEA14C89-4A95-44EA-8C8C-6004EFA726F4}.Debug|Any CPU.Build.0 = Debug|Any CPU
		{AEA14C89-4A95-44EA-8C8C-6004EFA726F4}.Release|Any CPU.ActiveCfg = Release|Any CPU
		{AEA14C89-4A95-44EA-8C8C-6004EFA726F4}.Release|Any CPU.Build.0 = Release|Any CPU
		{C7A910FB-CFDA-488B-8A91-5C7675E68920}.Debug|Any CPU.ActiveCfg = Debug|Any CPU
		{C7A910FB-CFDA-488B-8A91-5C7675E68920}.Debug|Any CPU.Build.0 = Debug|Any CPU
		{C7A910FB-CFDA-488B-8A91-5C7675E68920}.Release|Any CPU.ActiveCfg = Release|Any CPU
		{C7A910FB-CFDA-488B-8A91-5C7675E68920}.Release|Any CPU.Build.0 = Release|Any CPU
		{12AB4B11-1B4E-4879-974E-03454C450FEE}.Debug|Any CPU.ActiveCfg = Debug|Any CPU
		{12AB4B11-1B4E-4879-974E-03454C450FEE}.Debug|Any CPU.Build.0 = Debug|Any CPU
		{12AB4B11-1B4E-4879-974E-03454C450FEE}.Release|Any CPU.ActiveCfg = Release|Any CPU
		{12AB4B11-1B4E-4879-974E-03454C450FEE}.Release|Any CPU.Build.0 = Release|Any CPU
		{AE17A5F0-AA94-4848-9E02-53DFB4B5B4AD}.Debug|Any CPU.ActiveCfg = Debug|Any CPU
		{AE17A5F0-AA94-4848-9E02-53DFB4B5B4AD}.Debug|Any CPU.Build.0 = Debug|Any CPU
		{AE17A5F0-AA94-4848-9E02-53DFB4B5B4AD}.Release|Any CPU.ActiveCfg = Release|Any CPU
		{AE17A5F0-AA94-4848-9E02-53DFB4B5B4AD}.Release|Any CPU.Build.0 = Release|Any CPU
		{9977EDBB-175C-457B-98FF-12937AD9A50C}.Debug|Any CPU.ActiveCfg = Debug|Any CPU
		{9977EDBB-175C-457B-98FF-12937AD9A50C}.Debug|Any CPU.Build.0 = Debug|Any CPU
		{9977EDBB-175C-457B-98FF-12937AD9A50C}.Release|Any CPU.ActiveCfg = Release|Any CPU
		{9977EDBB-175C-457B-98FF-12937AD9A50C}.Release|Any CPU.Build.0 = Release|Any CPU
		{6B0D76CC-0659-4D16-A3A0-263123913B53}.Debug|Any CPU.ActiveCfg = Debug|Any CPU
		{6B0D76CC-0659-4D16-A3A0-263123913B53}.Debug|Any CPU.Build.0 = Debug|Any CPU
		{6B0D76CC-0659-4D16-A3A0-263123913B53}.Release|Any CPU.ActiveCfg = Release|Any CPU
		{6B0D76CC-0659-4D16-A3A0-263123913B53}.Release|Any CPU.Build.0 = Release|Any CPU
		{FDFBAD2D-A0C5-4C0A-BA78-8629A2ADD005}.Debug|Any CPU.ActiveCfg = Debug|Any CPU
		{FDFBAD2D-A0C5-4C0A-BA78-8629A2ADD005}.Debug|Any CPU.Build.0 = Debug|Any CPU
		{FDFBAD2D-A0C5-4C0A-BA78-8629A2ADD005}.Release|Any CPU.ActiveCfg = Release|Any CPU
		{FDFBAD2D-A0C5-4C0A-BA78-8629A2ADD005}.Release|Any CPU.Build.0 = Release|Any CPU
		{9F040AE3-6A66-45B2-90E9-52B894AA74BD}.Debug|Any CPU.ActiveCfg = Debug|Any CPU
		{9F040AE3-6A66-45B2-90E9-52B894AA74BD}.Debug|Any CPU.Build.0 = Debug|Any CPU
		{9F040AE3-6A66-45B2-90E9-52B894AA74BD}.Release|Any CPU.ActiveCfg = Release|Any CPU
		{9F040AE3-6A66-45B2-90E9-52B894AA74BD}.Release|Any CPU.Build.0 = Release|Any CPU
		{EBA2E4CD-4692-42E4-9BDE-D60B68D0F7C9}.Debug|Any CPU.ActiveCfg = Debug|Any CPU
		{EBA2E4CD-4692-42E4-9BDE-D60B68D0F7C9}.Debug|Any CPU.Build.0 = Debug|Any CPU
		{EBA2E4CD-4692-42E4-9BDE-D60B68D0F7C9}.Release|Any CPU.ActiveCfg = Release|Any CPU
		{EBA2E4CD-4692-42E4-9BDE-D60B68D0F7C9}.Release|Any CPU.Build.0 = Release|Any CPU
		{4A594C52-D197-4E60-A56F-581C7EAB5061}.Debug|Any CPU.ActiveCfg = Debug|Any CPU
		{4A594C52-D197-4E60-A56F-581C7EAB5061}.Debug|Any CPU.Build.0 = Debug|Any CPU
		{4A594C52-D197-4E60-A56F-581C7EAB5061}.Release|Any CPU.ActiveCfg = Release|Any CPU
		{4A594C52-D197-4E60-A56F-581C7EAB5061}.Release|Any CPU.Build.0 = Release|Any CPU
	EndGlobalSection
	GlobalSection(SolutionProperties) = preSolution
		HideSolutionNode = FALSE
	EndGlobalSection
	GlobalSection(ExtensibilityGlobals) = postSolution
		SolutionGuid = {3B48D6E3-5639-4789-8FBC-C59142CDF633}
	EndGlobalSection
EndGlobal
