
Microsoft Visual Studio Solution File, Format Version 12.00
# Visual Studio 15
VisualStudioVersion = 15.0.27703.2047
MinimumVisualStudioVersion = 10.0.40219.1
Project("{2150E333-8FDC-42A3-9474-1A3956D46DE8}") = "ExerciciosEstruturaCondicional", "ExerciciosEstruturaCondicional", "{258F6ADE-CF77-4667-B076-C54C61F19B75}"
EndProject
Project("{9A19103F-16F7-4668-BE54-9A1E7A4F7556}") = "PrimeiroExercicio", "ExerciciosEstruturaSequencial\PrimeiroExercicio\PrimeiroExercicio.csproj", "{5F1C9638-7AD4-4B5B-8DE6-BB1A22A07175}"
EndProject
Project("{2150E333-8FDC-42A3-9474-1A3956D46DE8}") = "ExerciciosEstruturaSequencial", "ExerciciosEstruturaSequencial", "{58F2C5FD-57E1-4AD5-BDBD-3137F249248B}"
EndProject
Project("{9A19103F-16F7-4668-BE54-9A1E7A4F7556}") = "SegundoExercicio", "ExerciciosEstruturaSequencial\SegundoExercicio\SegundoExercicio.csproj", "{59DAC485-C2BB-4D42-9276-840D07D2304A}"
EndProject
Project("{9A19103F-16F7-4668-BE54-9A1E7A4F7556}") = "PrimeiroExercicio", "ExerciciosEstruturaCondicional\PrimeiroExercicio\PrimeiroExercicio.csproj", "{E9C98D44-6526-4711-9B26-E5875CD2E03A}"
EndProject
Project("{9A19103F-16F7-4668-BE54-9A1E7A4F7556}") = "SegundoExercicio", "ExerciciosEstruturaCondicional\SegundoExercicio\SegundoExercicio.csproj", "{9DB8CB84-FA5D-4284-BA9A-20E54BD7E9AF}"
EndProject
Global
	GlobalSection(SolutionConfigurationPlatforms) = preSolution
		Debug|Any CPU = Debug|Any CPU
		Release|Any CPU = Release|Any CPU
	EndGlobalSection
	GlobalSection(ProjectConfigurationPlatforms) = postSolution
		{5F1C9638-7AD4-4B5B-8DE6-BB1A22A07175}.Debug|Any CPU.ActiveCfg = Debug|Any CPU
		{5F1C9638-7AD4-4B5B-8DE6-BB1A22A07175}.Debug|Any CPU.Build.0 = Debug|Any CPU
		{5F1C9638-7AD4-4B5B-8DE6-BB1A22A07175}.Release|Any CPU.ActiveCfg = Release|Any CPU
		{5F1C9638-7AD4-4B5B-8DE6-BB1A22A07175}.Release|Any CPU.Build.0 = Release|Any CPU
		{59DAC485-C2BB-4D42-9276-840D07D2304A}.Debug|Any CPU.ActiveCfg = Debug|Any CPU
		{59DAC485-C2BB-4D42-9276-840D07D2304A}.Debug|Any CPU.Build.0 = Debug|Any CPU
		{59DAC485-C2BB-4D42-9276-840D07D2304A}.Release|Any CPU.ActiveCfg = Release|Any CPU
		{59DAC485-C2BB-4D42-9276-840D07D2304A}.Release|Any CPU.Build.0 = Release|Any CPU
		{E9C98D44-6526-4711-9B26-E5875CD2E03A}.Debug|Any CPU.ActiveCfg = Debug|Any CPU
		{E9C98D44-6526-4711-9B26-E5875CD2E03A}.Debug|Any CPU.Build.0 = Debug|Any CPU
		{E9C98D44-6526-4711-9B26-E5875CD2E03A}.Release|Any CPU.ActiveCfg = Release|Any CPU
		{E9C98D44-6526-4711-9B26-E5875CD2E03A}.Release|Any CPU.Build.0 = Release|Any CPU
		{9DB8CB84-FA5D-4284-BA9A-20E54BD7E9AF}.Debug|Any CPU.ActiveCfg = Debug|Any CPU
		{9DB8CB84-FA5D-4284-BA9A-20E54BD7E9AF}.Debug|Any CPU.Build.0 = Debug|Any CPU
		{9DB8CB84-FA5D-4284-BA9A-20E54BD7E9AF}.Release|Any CPU.ActiveCfg = Release|Any CPU
		{9DB8CB84-FA5D-4284-BA9A-20E54BD7E9AF}.Release|Any CPU.Build.0 = Release|Any CPU
	EndGlobalSection
	GlobalSection(SolutionProperties) = preSolution
		HideSolutionNode = FALSE
	EndGlobalSection
	GlobalSection(NestedProjects) = preSolution
		{5F1C9638-7AD4-4B5B-8DE6-BB1A22A07175} = {58F2C5FD-57E1-4AD5-BDBD-3137F249248B}
		{59DAC485-C2BB-4D42-9276-840D07D2304A} = {58F2C5FD-57E1-4AD5-BDBD-3137F249248B}
		{E9C98D44-6526-4711-9B26-E5875CD2E03A} = {258F6ADE-CF77-4667-B076-C54C61F19B75}
		{9DB8CB84-FA5D-4284-BA9A-20E54BD7E9AF} = {258F6ADE-CF77-4667-B076-C54C61F19B75}
	EndGlobalSection
	GlobalSection(ExtensibilityGlobals) = postSolution
		SolutionGuid = {3B40410A-83BC-4AA1-98E2-D873371A842A}
	EndGlobalSection
EndGlobal
